
Microsoft Visual Studio Solution File, Format Version 12.00
# Visual Studio Version 17
VisualStudioVersion = 17.2.32505.173
MinimumVisualStudioVersion = 10.0.40219.1
Project("{FAE04EC0-301F-11D3-BF4B-00C04F79EFBC}") = "Vector_project", "Vector_project\Vector_project.csproj", "{46DFDE3B-88DC-4207-A18D-F83A0B7C6DCF}"
EndProject
Global
	GlobalSection(SolutionConfigurationPlatforms) = preSolution
		Debug|Any CPU = Debug|Any CPU
		Release|Any CPU = Release|Any CPU
	EndGlobalSection
	GlobalSection(ProjectConfigurationPlatforms) = postSolution
		{46DFDE3B-88DC-4207-A18D-F83A0B7C6DCF}.Debug|Any CPU.ActiveCfg = Debug|Any CPU
		{46DFDE3B-88DC-4207-A18D-F83A0B7C6DCF}.Debug|Any CPU.Build.0 = Debug|Any CPU
		{46DFDE3B-88DC-4207-A18D-F83A0B7C6DCF}.Release|Any CPU.ActiveCfg = Release|Any CPU
		{46DFDE3B-88DC-4207-A18D-F83A0B7C6DCF}.Release|Any CPU.Build.0 = Release|Any CPU
	EndGlobalSection
	GlobalSection(SolutionProperties) = preSolution
		HideSolutionNode = FALSE
	EndGlobalSection
	GlobalSection(ExtensibilityGlobals) = postSolution
		SolutionGuid = {C716B8E4-0FF5-4D5B-B9C7-F4F0C44C162A}
	EndGlobalSection
EndGlobal
